
Microsoft Visual Studio Solution File, Format Version 12.00
# Visual Studio Version 16
VisualStudioVersion = 16.0.32126.315
MinimumVisualStudioVersion = 10.0.40219.1
Project("{FAE04EC0-301F-11D3-BF4B-00C04F79EFBC}") = "JsonTask", "JsonTask\JsonTask.csproj", "{F59991BE-968A-4412-9501-929736BE0B43}"
EndProject
Global
	GlobalSection(SolutionConfigurationPlatforms) = preSolution
		Debug|Any CPU = Debug|Any CPU
		Release|Any CPU = Release|Any CPU
	EndGlobalSection
	GlobalSection(ProjectConfigurationPlatforms) = postSolution
		{F59991BE-968A-4412-9501-929736BE0B43}.Debug|Any CPU.ActiveCfg = Debug|Any CPU
		{F59991BE-968A-4412-9501-929736BE0B43}.Debug|Any CPU.Build.0 = Debug|Any CPU
		{F59991BE-968A-4412-9501-929736BE0B43}.Release|Any CPU.ActiveCfg = Release|Any CPU
		{F59991BE-968A-4412-9501-929736BE0B43}.Release|Any CPU.Build.0 = Release|Any CPU
	EndGlobalSection
	GlobalSection(SolutionProperties) = preSolution
		HideSolutionNode = FALSE
	EndGlobalSection
	GlobalSection(ExtensibilityGlobals) = postSolution
		SolutionGuid = {14E23F17-2C20-4E60-926F-187624A8558B}
	EndGlobalSection
EndGlobal
